// !$*UTF8*$!
{
	archiveVersion = 1;
	classes = {
	};
	objectVersion = 46;
	objects = {

/* Begin PBXBuildFile section */
		940DB4451C1375AF00B5E0BD /* AppDelegate.swift in Sources */ = {isa = PBXBuildFile; fileRef = 940DB4441C1375AF00B5E0BD /* AppDelegate.swift */; };
		940DB4471C1375AF00B5E0BD /* ViewController.swift in Sources */ = {isa = PBXBuildFile; fileRef = 940DB4461C1375AF00B5E0BD /* ViewController.swift */; };
		940DB44A1C1375AF00B5E0BD /* Main.storyboard in Resources */ = {isa = PBXBuildFile; fileRef = 940DB4481C1375AF00B5E0BD /* Main.storyboard */; };
		940DB44C1C1375AF00B5E0BD /* Assets.xcassets in Resources */ = {isa = PBXBuildFile; fileRef = 940DB44B1C1375AF00B5E0BD /* Assets.xcassets */; };
		940DB44F1C1375AF00B5E0BD /* LaunchScreen.storyboard in Resources */ = {isa = PBXBuildFile; fileRef = 940DB44D1C1375AF00B5E0BD /* LaunchScreen.storyboard */; };
		940DB45A1C1375AF00B5E0BD /* DynamicBlurViewDemoTests.swift in Sources */ = {isa = PBXBuildFile; fileRef = 940DB4591C1375AF00B5E0BD /* DynamicBlurViewDemoTests.swift */; };
		940DB4651C1375AF00B5E0BD /* DynamicBlurViewDemoUITests.swift in Sources */ = {isa = PBXBuildFile; fileRef = 940DB4641C1375AF00B5E0BD /* DynamicBlurViewDemoUITests.swift */; };
		940DB4731C1375E000B5E0BD /* DynamicBlurView.swift in Sources */ = {isa = PBXBuildFile; fileRef = 940DB4721C1375E000B5E0BD /* DynamicBlurView.swift */; };
		940DB4771C137D1200B5E0BD /* UIImage+StackBlur.m in Sources */ = {isa = PBXBuildFile; fileRef = 940DB4761C137D1200B5E0BD /* UIImage+StackBlur.m */; };
/* End PBXBuildFile section */

/* Begin PBXContainerItemProxy section */
		940DB4561C1375AF00B5E0BD /* PBXContainerItemProxy */ = {
			isa = PBXContainerItemProxy;
			containerPortal = 940DB4391C1375AF00B5E0BD /* Project object */;
			proxyType = 1;
			remoteGlobalIDString = 940DB4401C1375AF00B5E0BD;
			remoteInfo = DynamicBlurViewDemo;
		};
		940DB4611C1375AF00B5E0BD /* PBXContainerItemProxy */ = {
			isa = PBXContainerItemProxy;
			containerPortal = 940DB4391C1375AF00B5E0BD /* Project object */;
			proxyType = 1;
			remoteGlobalIDString = 940DB4401C1375AF00B5E0BD;
			remoteInfo = DynamicBlurViewDemo;
		};
/* End PBXContainerItemProxy section */

/* Begin PBXFileReference section */
		940DB4411C1375AF00B5E0BD /* DynamicBlurViewDemo.app */ = {isa = PBXFileReference; explicitFileType = wrapper.application; includeInIndex = 0; path = DynamicBlurViewDemo.app; sourceTree = BUILT_PRODUCTS_DIR; };
		940DB4441C1375AF00B5E0BD /* AppDelegate.swift */ = {isa = PBXFileReference; lastKnownFileType = sourcecode.swift; path = AppDelegate.swift; sourceTree = "<group>"; };
		940DB4461C1375AF00B5E0BD /* ViewController.swift */ = {isa = PBXFileReference; lastKnownFileType = sourcecode.swift; path = ViewController.swift; sourceTree = "<group>"; };
		940DB4491C1375AF00B5E0BD /* Base */ = {isa = PBXFileReference; lastKnownFileType = file.storyboard; name = Base; path = Base.lproj/Main.storyboard; sourceTree = "<group>"; };
		940DB44B1C1375AF00B5E0BD /* Assets.xcassets */ = {isa = PBXFileReference; lastKnownFileType = folder.assetcatalog; path = Assets.xcassets; sourceTree = "<group>"; };
		940DB44E1C1375AF00B5E0BD /* Base */ = {isa = PBXFileReference; lastKnownFileType = file.storyboard; name = Base; path = Base.lproj/LaunchScreen.storyboard; sourceTree = "<group>"; };
		940DB4501C1375AF00B5E0BD /* Info.plist */ = {isa = PBXFileReference; lastKnownFileType = text.plist.xml; path = Info.plist; sourceTree = "<group>"; };
		940DB4551C1375AF00B5E0BD /* DynamicBlurViewDemoTests.xctest */ = {isa = PBXFileReference; explicitFileType = wrapper.cfbundle; includeInIndex = 0; path = DynamicBlurViewDemoTests.xctest; sourceTree = BUILT_PRODUCTS_DIR; };
		940DB4591C1375AF00B5E0BD /* DynamicBlurViewDemoTests.swift */ = {isa = PBXFileReference; lastKnownFileType = sourcecode.swift; path = DynamicBlurViewDemoTests.swift; sourceTree = "<group>"; };
		940DB45B1C1375AF00B5E0BD /* Info.plist */ = {isa = PBXFileReference; lastKnownFileType = text.plist.xml; path = Info.plist; sourceTree = "<group>"; };
		940DB4601C1375AF00B5E0BD /* DynamicBlurViewDemoUITests.xctest */ = {isa = PBXFileReference; explicitFileType = wrapper.cfbundle; includeInIndex = 0; path = DynamicBlurViewDemoUITests.xctest; sourceTree = BUILT_PRODUCTS_DIR; };
		940DB4641C1375AF00B5E0BD /* DynamicBlurViewDemoUITests.swift */ = {isa = PBXFileReference; lastKnownFileType = sourcecode.swift; path = DynamicBlurViewDemoUITests.swift; sourceTree = "<group>"; };
		940DB4661C1375AF00B5E0BD /* Info.plist */ = {isa = PBXFileReference; lastKnownFileType = text.plist.xml; path = Info.plist; sourceTree = "<group>"; };
		940DB4721C1375E000B5E0BD /* DynamicBlurView.swift */ = {isa = PBXFileReference; fileEncoding = 4; lastKnownFileType = sourcecode.swift; name = DynamicBlurView.swift; path = Classes/DynamicBlurView.swift; sourceTree = "<group>"; };
		940DB4741C137D1200B5E0BD /* DynamicBlurViewDemo-Bridging-Header.h */ = {isa = PBXFileReference; lastKnownFileType = sourcecode.c.h; path = "DynamicBlurViewDemo-Bridging-Header.h"; sourceTree = "<group>"; };
		940DB4751C137D1200B5E0BD /* UIImage+StackBlur.h */ = {isa = PBXFileReference; fileEncoding = 4; lastKnownFileType = sourcecode.c.h; name = "UIImage+StackBlur.h"; path = "Classes/UIImage+StackBlur.h"; sourceTree = "<group>"; };
		940DB4761C137D1200B5E0BD /* UIImage+StackBlur.m */ = {isa = PBXFileReference; fileEncoding = 4; lastKnownFileType = sourcecode.c.objc; name = "UIImage+StackBlur.m"; path = "Classes/UIImage+StackBlur.m"; sourceTree = "<group>"; };
/* End PBXFileReference section */

/* Begin PBXFrameworksBuildPhase section */
		940DB43E1C1375AF00B5E0BD /* Frameworks */ = {
			isa = PBXFrameworksBuildPhase;
			buildActionMask = 2147483647;
			files = (
			);
			runOnlyForDeploymentPostprocessing = 0;
		};
		940DB4521C1375AF00B5E0BD /* Frameworks */ = {
			isa = PBXFrameworksBuildPhase;
			buildActionMask = 2147483647;
			files = (
			);
			runOnlyForDeploymentPostprocessing = 0;
		};
		940DB45D1C1375AF00B5E0BD /* Frameworks */ = {
			isa = PBXFrameworksBuildPhase;
			buildActionMask = 2147483647;
			files = (
			);
			runOnlyForDeploymentPostprocessing = 0;
		};
/* End PBXFrameworksBuildPhase section */

/* Begin PBXGroup section */
		940DB4381C1375AF00B5E0BD = {
			isa = PBXGroup;
			children = (
				940DB4431C1375AF00B5E0BD /* DynamicBlurViewDemo */,
				940DB4581C1375AF00B5E0BD /* DynamicBlurViewDemoTests */,
				940DB4631C1375AF00B5E0BD /* DynamicBlurViewDemoUITests */,
				940DB4421C1375AF00B5E0BD /* Products */,
			);
			sourceTree = "<group>";
		};
		940DB4421C1375AF00B5E0BD /* Products */ = {
			isa = PBXGroup;
			children = (
				940DB4411C1375AF00B5E0BD /* DynamicBlurViewDemo.app */,
				940DB4551C1375AF00B5E0BD /* DynamicBlurViewDemoTests.xctest */,
				940DB4601C1375AF00B5E0BD /* DynamicBlurViewDemoUITests.xctest */,
			);
			name = Products;
			sourceTree = "<group>";
		};
		940DB4431C1375AF00B5E0BD /* DynamicBlurViewDemo */ = {
			isa = PBXGroup;
			children = (
				940DB4781C13891000B5E0BD /* Classes */,
				940DB4441C1375AF00B5E0BD /* AppDelegate.swift */,
				940DB4461C1375AF00B5E0BD /* ViewController.swift */,
				940DB4481C1375AF00B5E0BD /* Main.storyboard */,
				940DB44B1C1375AF00B5E0BD /* Assets.xcassets */,
				940DB44D1C1375AF00B5E0BD /* LaunchScreen.storyboard */,
				940DB4501C1375AF00B5E0BD /* Info.plist */,
				940DB4741C137D1200B5E0BD /* DynamicBlurViewDemo-Bridging-Header.h */,
			);
			path = DynamicBlurViewDemo;
			sourceTree = "<group>";
		};
		940DB4581C1375AF00B5E0BD /* DynamicBlurViewDemoTests */ = {
			isa = PBXGroup;
			children = (
				940DB4591C1375AF00B5E0BD /* DynamicBlurViewDemoTests.swift */,
				940DB45B1C1375AF00B5E0BD /* Info.plist */,
			);
			path = DynamicBlurViewDemoTests;
			sourceTree = "<group>";
		};
		940DB4631C1375AF00B5E0BD /* DynamicBlurViewDemoUITests */ = {
			isa = PBXGroup;
			children = (
				940DB4641C1375AF00B5E0BD /* DynamicBlurViewDemoUITests.swift */,
				940DB4661C1375AF00B5E0BD /* Info.plist */,
			);
			path = DynamicBlurViewDemoUITests;
			sourceTree = "<group>";
		};
		940DB4781C13891000B5E0BD /* Classes */ = {
			isa = PBXGroup;
			children = (
				940DB4751C137D1200B5E0BD /* UIImage+StackBlur.h */,
				940DB4761C137D1200B5E0BD /* UIImage+StackBlur.m */,
				940DB4721C1375E000B5E0BD /* DynamicBlurView.swift */,
			);
			name = Classes;
			sourceTree = "<group>";
		};
/* End PBXGroup section */

/* Begin PBXNativeTarget section */
		940DB4401C1375AF00B5E0BD /* DynamicBlurViewDemo */ = {
			isa = PBXNativeTarget;
			buildConfigurationList = 940DB4691C1375AF00B5E0BD /* Build configuration list for PBXNativeTarget "DynamicBlurViewDemo" */;
			buildPhases = (
				940DB43D1C1375AF00B5E0BD /* Sources */,
				940DB43E1C1375AF00B5E0BD /* Frameworks */,
				940DB43F1C1375AF00B5E0BD /* Resources */,
			);
			buildRules = (
			);
			dependencies = (
			);
			name = DynamicBlurViewDemo;
			productName = DynamicBlurViewDemo;
			productReference = 940DB4411C1375AF00B5E0BD /* DynamicBlurViewDemo.app */;
			productType = "com.apple.product-type.application";
		};
		940DB4541C1375AF00B5E0BD /* DynamicBlurViewDemoTests */ = {
			isa = PBXNativeTarget;
			buildConfigurationList = 940DB46C1C1375AF00B5E0BD /* Build configuration list for PBXNativeTarget "DynamicBlurViewDemoTests" */;
			buildPhases = (
				940DB4511C1375AF00B5E0BD /* Sources */,
				940DB4521C1375AF00B5E0BD /* Frameworks */,
				940DB4531C1375AF00B5E0BD /* Resources */,
			);
			buildRules = (
			);
			dependencies = (
				940DB4571C1375AF00B5E0BD /* PBXTargetDependency */,
			);
			name = DynamicBlurViewDemoTests;
			productName = DynamicBlurViewDemoTests;
			productReference = 940DB4551C1375AF00B5E0BD /* DynamicBlurViewDemoTests.xctest */;
			productType = "com.apple.product-type.bundle.unit-test";
		};
		940DB45F1C1375AF00B5E0BD /* DynamicBlurViewDemoUITests */ = {
			isa = PBXNativeTarget;
			buildConfigurationList = 940DB46F1C1375AF00B5E0BD /* Build configuration list for PBXNativeTarget "DynamicBlurViewDemoUITests" */;
			buildPhases = (
				940DB45C1C1375AF00B5E0BD /* Sources */,
				940DB45D1C1375AF00B5E0BD /* Frameworks */,
				940DB45E1C1375AF00B5E0BD /* Resources */,
			);
			buildRules = (
			);
			dependencies = (
				940DB4621C1375AF00B5E0BD /* PBXTargetDependency */,
			);
			name = DynamicBlurViewDemoUITests;
			productName = DynamicBlurViewDemoUITests;
			productReference = 940DB4601C1375AF00B5E0BD /* DynamicBlurViewDemoUITests.xctest */;
			productType = "com.apple.product-type.bundle.ui-testing";
		};
/* End PBXNativeTarget section */

/* Begin PBXProject section */
		940DB4391C1375AF00B5E0BD /* Project object */ = {
			isa = PBXProject;
			attributes = {
				LastSwiftUpdateCheck = 0710;
				LastUpgradeCheck = 0710;
				ORGANIZATIONNAME = KittenYang;
				TargetAttributes = {
					940DB4401C1375AF00B5E0BD = {
						CreatedOnToolsVersion = 7.1.1;
					};
					940DB4541C1375AF00B5E0BD = {
						CreatedOnToolsVersion = 7.1.1;
						TestTargetID = 940DB4401C1375AF00B5E0BD;
					};
					940DB45F1C1375AF00B5E0BD = {
						CreatedOnToolsVersion = 7.1.1;
						TestTargetID = 940DB4401C1375AF00B5E0BD;
					};
				};
			};
			buildConfigurationList = 940DB43C1C1375AF00B5E0BD /* Build configuration list for PBXProject "DynamicBlurViewDemo" */;
			compatibilityVersion = "Xcode 3.2";
			developmentRegion = English;
			hasScannedForEncodings = 0;
			knownRegions = (
				en,
				Base,
			);
			mainGroup = 940DB4381C1375AF00B5E0BD;
			productRefGroup = 940DB4421C1375AF00B5E0BD /* Products */;
			projectDirPath = "";
			projectRoot = "";
			targets = (
				940DB4401C1375AF00B5E0BD /* DynamicBlurViewDemo */,
				940DB4541C1375AF00B5E0BD /* DynamicBlurViewDemoTests */,
				940DB45F1C1375AF00B5E0BD /* DynamicBlurViewDemoUITests */,
			);
		};
/* End PBXProject section */

/* Begin PBXResourcesBuildPhase section */
		940DB43F1C1375AF00B5E0BD /* Resources */ = {
			isa = PBXResourcesBuildPhase;
			buildActionMask = 2147483647;
			files = (
				940DB44F1C1375AF00B5E0BD /* LaunchScreen.storyboard in Resources */,
				940DB44C1C1375AF00B5E0BD /* Assets.xcassets in Resources */,
				940DB44A1C1375AF00B5E0BD /* Main.storyboard in Resources */,
			);
			runOnlyForDeploymentPostprocessing = 0;
		};
		940DB4531C1375AF00B5E0BD /* Resources */ = {
			isa = PBXResourcesBuildPhase;
			buildActionMask = 2147483647;
			files = (
			);
			runOnlyForDeploymentPostprocessing = 0;
		};
		940DB45E1C1375AF00B5E0BD /* Resources */ = {
			isa = PBXResourcesBuildPhase;
			buildActionMask = 2147483647;
			files = (
			);
			runOnlyForDeploymentPostprocessing = 0;
		};
/* End PBXResourcesBuildPhase section */

/* Begin PBXSourcesBuildPhase section */
		940DB43D1C1375AF00B5E0BD /* Sources */ = {
			isa = PBXSourcesBuildPhase;
			buildActionMask = 2147483647;
			files = (
				940DB4731C1375E000B5E0BD /* DynamicBlurView.swift in Sources */,
				940DB4771C137D1200B5E0BD /* UIImage+StackBlur.m in Sources */,
				940DB4471C1375AF00B5E0BD /* ViewController.swift in Sources */,
				940DB4451C1375AF00B5E0BD /* AppDelegate.swift in Sources */,
			);
			runOnlyForDeploymentPostprocessing = 0;
		};
		940DB4511C1375AF00B5E0BD /* Sources */ = {
			isa = PBXSourcesBuildPhase;
			buildActionMask = 2147483647;
			files = (
				940DB45A1C1375AF00B5E0BD /* DynamicBlurViewDemoTests.swift in Sources */,
			);
			runOnlyForDeploymentPostprocessing = 0;
		};
		940DB45C1C1375AF00B5E0BD /* Sources */ = {
			isa = PBXSourcesBuildPhase;
			buildActionMask = 2147483647;
			files = (
				940DB4651C1375AF00B5E0BD /* DynamicBlurViewDemoUITests.swift in Sources */,
			);
			runOnlyForDeploymentPostprocessing = 0;
		};
/* End PBXSourcesBuildPhase section */

/* Begin PBXTargetDependency section */
		940DB4571C1375AF00B5E0BD /* PBXTargetDependency */ = {
			isa = PBXTargetDependency;
			target = 940DB4401C1375AF00B5E0BD /* DynamicBlurViewDemo */;
			targetProxy = 940DB4561C1375AF00B5E0BD /* PBXContainerItemProxy */;
		};
		940DB4621C1375AF00B5E0BD /* PBXTargetDependency */ = {
			isa = PBXTargetDependency;
			target = 940DB4401C1375AF00B5E0BD /* DynamicBlurViewDemo */;
			targetProxy = 940DB4611C1375AF00B5E0BD /* PBXContainerItemProxy */;
		};
/* End PBXTargetDependency section */

/* Begin PBXVariantGroup section */
		940DB4481C1375AF00B5E0BD /* Main.storyboard */ = {
			isa = PBXVariantGroup;
			children = (
				940DB4491C1375AF00B5E0BD /* Base */,
			);
			name = Main.storyboard;
			sourceTree = "<group>";
		};
		940DB44D1C1375AF00B5E0BD /* LaunchScreen.storyboard */ = {
			isa = PBXVariantGroup;
			children = (
				940DB44E1C1375AF00B5E0BD /* Base */,
			);
			name = LaunchScreen.storyboard;
			sourceTree = "<group>";
		};
/* End PBXVariantGroup section */

/* Begin XCBuildConfiguration section */
		940DB4671C1375AF00B5E0BD /* Debug */ = {
			isa = XCBuildConfiguration;
			buildSettings = {
				ALWAYS_SEARCH_USER_PATHS = NO;
				CLANG_CXX_LANGUAGE_STANDARD = "gnu++0x";
				CLANG_CXX_LIBRARY = "libc++";
				CLANG_ENABLE_MODULES = YES;
				CLANG_ENABLE_OBJC_ARC = YES;
				CLANG_WARN_BOOL_CONVERSION = YES;
				CLANG_WARN_CONSTANT_CONVERSION = YES;
				CLANG_WARN_DIRECT_OBJC_ISA_USAGE = YES_ERROR;
				CLANG_WARN_EMPTY_BODY = YES;
				CLANG_WARN_ENUM_CONVERSION = YES;
				CLANG_WARN_INT_CONVERSION = YES;
				CLANG_WARN_OBJC_ROOT_CLASS = YES_ERROR;
				CLANG_WARN_UNREACHABLE_CODE = YES;
				CLANG_WARN__DUPLICATE_METHOD_MATCH = YES;
				"CODE_SIGN_IDENTITY[sdk=iphoneos*]" = "iPhone Developer";
				COPY_PHASE_STRIP = NO;
				DEBUG_INFORMATION_FORMAT = dwarf;
				ENABLE_STRICT_OBJC_MSGSEND = YES;
				ENABLE_TESTABILITY = YES;
				GCC_C_LANGUAGE_STANDARD = gnu99;
				GCC_DYNAMIC_NO_PIC = NO;
				GCC_NO_COMMON_BLOCKS = YES;
				GCC_OPTIMIZATION_LEVEL = 0;
				GCC_PREPROCESSOR_DEFINITIONS = (
					"DEBUG=1",
					"$(inherited)",
				);
				GCC_WARN_64_TO_32_BIT_CONVERSION = YES;
				GCC_WARN_ABOUT_RETURN_TYPE = YES_ERROR;
				GCC_WARN_UNDECLARED_SELECTOR = YES;
				GCC_WARN_UNINITIALIZED_AUTOS = YES_AGGRESSIVE;
				GCC_WARN_UNUSED_FUNCTION = YES;
				GCC_WARN_UNUSED_VARIABLE = YES;
				IPHONEOS_DEPLOYMENT_TARGET = 9.1;
				MTL_ENABLE_DEBUG_INFO = YES;
				ONLY_ACTIVE_ARCH = YES;
				SDKROOT = iphoneos;
				SWIFT_OPTIMIZATION_LEVEL = "-Onone";
				TARGETED_DEVICE_FAMILY = "1,2";
			};
			name = Debug;
		};
		940DB4681C1375AF00B5E0BD /* Release */ = {
			isa = XCBuildConfiguration;
			buildSettings = {
				ALWAYS_SEARCH_USER_PATHS = NO;
				CLANG_CXX_LANGUAGE_STANDARD = "gnu++0x";
				CLANG_CXX_LIBRARY = "libc++";
				CLANG_ENABLE_MODULES = YES;
				CLANG_ENABLE_OBJC_ARC = YES;
				CLANG_WARN_BOOL_CONVERSION = YES;
				CLANG_WARN_CONSTANT_CONVERSION = YES;
				CLANG_WARN_DIRECT_OBJC_ISA_USAGE = YES_ERROR;
				CLANG_WARN_EMPTY_BODY = YES;
				CLANG_WARN_ENUM_CONVERSION = YES;
				CLANG_WARN_INT_CONVERSION = YES;
				CLANG_WARN_OBJC_ROOT_CLASS = YES_ERROR;
				CLANG_WARN_UNREACHABLE_CODE = YES;
				CLANG_WARN__DUPLICATE_METHOD_MATCH = YES;
				"CODE_SIGN_IDENTITY[sdk=iphoneos*]" = "iPhone Developer";
				COPY_PHASE_STRIP = NO;
				DEBUG_INFORMATION_FORMAT = "dwarf-with-dsym";
				ENABLE_NS_ASSERTIONS = NO;
				ENABLE_STRICT_OBJC_MSGSEND = YES;
				GCC_C_LANGUAGE_STANDARD = gnu99;
				GCC_NO_COMMON_BLOCKS = YES;
				GCC_WARN_64_TO_32_BIT_CONVERSION = YES;
				GCC_WARN_ABOUT_RETURN_TYPE = YES_ERROR;
				GCC_WARN_UNDECLARED_SELECTOR = YES;
				GCC_WARN_UNINITIALIZED_AUTOS = YES_AGGRESSIVE;
				GCC_WARN_UNUSED_FUNCTION = YES;
				GCC_WARN_UNUSED_VARIABLE = YES;
				IPHONEOS_DEPLOYMENT_TARGET = 9.1;
				MTL_ENABLE_DEBUG_INFO = NO;
				SDKROOT = iphoneos;
				TARGETED_DEVICE_FAMILY = "1,2";
				VALIDATE_PRODUCT = YES;
			};
			name = Release;
		};
		940DB46A1C1375AF00B5E0BD /* Debug */ = {
			isa = XCBuildConfiguration;
			buildSettings = {
				ASSETCATALOG_COMPILER_APPICON_NAME = AppIcon;
				CLANG_ENABLE_MODULES = YES;
				INFOPLIST_FILE = DynamicBlurViewDemo/Info.plist;
				LD_RUNPATH_SEARCH_PATHS = "$(inherited) @executable_path/Frameworks";
				PRODUCT_BUNDLE_IDENTIFIER = com.kittenyang.DynamicBlurViewDemo;
				PRODUCT_NAME = "$(TARGET_NAME)";
				SWIFT_OBJC_BRIDGING_HEADER = "DynamicBlurViewDemo/DynamicBlurViewDemo-Bridging-Header.h";
				SWIFT_OPTIMIZATION_LEVEL = "-Onone";
			};
			name = Debug;
		};
		940DB46B1C1375AF00B5E0BD /* Release */ = {
			isa = XCBuildConfiguration;
			buildSettings = {
				ASSETCATALOG_COMPILER_APPICON_NAME = AppIcon;
				CLANG_ENABLE_MODULES = YES;
				INFOPLIST_FILE = DynamicBlurViewDemo/Info.plist;
				LD_RUNPATH_SEARCH_PATHS = "$(inherited) @executable_path/Frameworks";
				PRODUCT_BUNDLE_IDENTIFIER = com.kittenyang.DynamicBlurViewDemo;
				PRODUCT_NAME = "$(TARGET_NAME)";
				SWIFT_OBJC_BRIDGING_HEADER = "DynamicBlurViewDemo/DynamicBlurViewDemo-Bridging-Header.h";
			};
			name = Release;
		};
		940DB46D1C1375AF00B5E0BD /* Debug */ = {
			isa = XCBuildConfiguration;
			buildSettings = {
				BUNDLE_LOADER = "$(TEST_HOST)";
				INFOPLIST_FILE = DynamicBlurViewDemoTests/Info.plist;
				LD_RUNPATH_SEARCH_PATHS = "$(inherited) @executable_path/Frameworks @loader_path/Frameworks";
				PRODUCT_BUNDLE_IDENTIFIER = com.kittenyang.DynamicBlurViewDemoTests;
				PRODUCT_NAME = "$(TARGET_NAME)";
				TEST_HOST = "$(BUILT_PRODUCTS_DIR)/DynamicBlurViewDemo.app/DynamicBlurViewDemo";
			};
			name = Debug;
		};
		940DB46E1C1375AF00B5E0BD /* Release */ = {
			isa = XCBuildConfiguration;
			buildSettings = {
				BUNDLE_LOADER = "$(TEST_HOST)";
				INFOPLIST_FILE = DynamicBlurViewDemoTests/Info.plist;
				LD_RUNPATH_SEARCH_PATHS = "$(inherited) @executable_path/Frameworks @loader_path/Frameworks";
				PRODUCT_BUNDLE_IDENTIFIER = com.kittenyang.DynamicBlurViewDemoTests;
				PRODUCT_NAME = "$(TARGET_NAME)";
				TEST_HOST = "$(BUILT_PRODUCTS_DIR)/DynamicBlurViewDemo.app/DynamicBlurViewDemo";
			};
			name = Release;
		};
		940DB4701C1375AF00B5E0BD /* Debug */ = {
			isa = XCBuildConfiguration;
			buildSettings = {
				INFOPLIST_FILE = DynamicBlurViewDemoUITests/Info.plist;
				LD_RUNPATH_SEARCH_PATHS = "$(inherited) @executable_path/Frameworks @loader_path/Frameworks";
				PRODUCT_BUNDLE_IDENTIFIER = com.kittenyang.DynamicBlurViewDemoUITests;
				PRODUCT_NAME = "$(TARGET_NAME)";
				TEST_TARGET_NAME = DynamicBlurViewDemo;
				USES_XCTRUNNER = YES;
			};
			name = Debug;
		};
		940DB4711C1375AF00B5E0BD /* Release */ = {
			isa = XCBuildConfiguration;
			buildSettings = {
				INFOPLIST_FILE = DynamicBlurViewDemoUITests/Info.plist;
				LD_RUNPATH_SEARCH_PATHS = "$(inherited) @executable_path/Frameworks @loader_path/Frameworks";
				PRODUCT_BUNDLE_IDENTIFIER = com.kittenyang.DynamicBlurViewDemoUITests;
				PRODUCT_NAME = "$(TARGET_NAME)";
				TEST_TARGET_NAME = DynamicBlurViewDemo;
				USES_XCTRUNNER = YES;
			};
			name = Release;
		};
/* End XCBuildConfiguration section */

/* Begin XCConfigurationList section */
		940DB43C1C1375AF00B5E0BD /* Build configuration list for PBXProject "DynamicBlurViewDemo" */ = {
			isa = XCConfigurationList;
			buildConfigurations = (
				940DB4671C1375AF00B5E0BD /* Debug */,
				940DB4681C1375AF00B5E0BD /* Release */,
			);
			defaultConfigurationIsVisible = 0;
			defaultConfigurationName = Release;
		};
		940DB4691C1375AF00B5E0BD /* Build configuration list for PBXNativeTarget "DynamicBlurViewDemo" */ = {
			isa = XCConfigurationList;
			buildConfigurations = (
				940DB46A1C1375AF00B5E0BD /* Debug */,
				940DB46B1C1375AF00B5E0BD /* Release */,
			);
			defaultConfigurationIsVisible = 0;
		};
		940DB46C1C1375AF00B5E0BD /* Build configuration list for PBXNativeTarget "DynamicBlurViewDemoTests" */ = {
			isa = XCConfigurationList;
			buildConfigurations = (
				940DB46D1C1375AF00B5E0BD /* Debug */,
				940DB46E1C1375AF00B5E0BD /* Release */,
			);
			defaultConfigurationIsVisible = 0;
		};
		940DB46F1C1375AF00B5E0BD /* Build configuration list for PBXNativeTarget "DynamicBlurViewDemoUITests" */ = {
			isa = XCConfigurationList;
			buildConfigurations = (
				940DB4701C1375AF00B5E0BD /* Debug */,
				940DB4711C1375AF00B5E0BD /* Release */,
			);
			defaultConfigurationIsVisible = 0;
		};
/* End XCConfigurationList section */
	};
	rootObject = 940DB4391C1375AF00B5E0BD /* Project object */;
}
